
Microsoft Visual Studio Solution File, Format Version 12.00
# Visual Studio Version 17
VisualStudioVersion = 17.11.35312.102
MinimumVisualStudioVersion = 10.0.40219.1
Project("{FAE04EC0-301F-11D3-BF4B-00C04F79EFBC}") = "Primera_interfaz", "Primera_interfaz\Primera_interfaz.csproj", "{08FBEE30-BC89-45F7-BE30-B7820C032444}"
EndProject
Global
	GlobalSection(SolutionConfigurationPlatforms) = preSolution
		Debug|Any CPU = Debug|Any CPU
		Release|Any CPU = Release|Any CPU
	EndGlobalSection
	GlobalSection(ProjectConfigurationPlatforms) = postSolution
		{08FBEE30-BC89-45F7-BE30-B7820C032444}.Debug|Any CPU.ActiveCfg = Debug|Any CPU
		{08FBEE30-BC89-45F7-BE30-B7820C032444}.Debug|Any CPU.Build.0 = Debug|Any CPU
		{08FBEE30-BC89-45F7-BE30-B7820C032444}.Release|Any CPU.ActiveCfg = Release|Any CPU
		{08FBEE30-BC89-45F7-BE30-B7820C032444}.Release|Any CPU.Build.0 = Release|Any CPU
	EndGlobalSection
	GlobalSection(SolutionProperties) = preSolution
		HideSolutionNode = FALSE
	EndGlobalSection
	GlobalSection(ExtensibilityGlobals) = postSolution
		SolutionGuid = {242F9714-DC59-41B0-B1D5-0A81CAEC9F3F}
	EndGlobalSection
EndGlobal
